version = 1
revision = 3
requires-python = "==3.14.*"

[[package]]
name = "pre-commit-vba-example"
version = "0.1.4"
source = { virtual = "." }

[package.dev-dependencies]
dev = [
    { name = "prek" },
    { name = "zizmor" },
]

[package.metadata]

[package.metadata.requires-dev]
dev = [
    { name = "prek", specifier = ">=0.5.3" },
    { name = "zizmor", specifier = ">=1.30.1" },
]

[[package]]
name = "prek"
version = "0.5.4"
source = { registry = "https://pypi.org/simple" }
sdist = { url = "https://files.pythonhosted.org/packages/30/f1/8f3143530bf43fa82f8873f4e536f318b6143dd5c09171aba0d465e21f04/prek-0.5.4.tar.gz", hash = "sha256:7f5bc061880141e362ef422e52188d0090794c0622e442e3157686d1e342780a", size = 565182, upload-time = "2026-09-28T04:54:43.453Z" }
wheels = [
    { url = "https://files.pythonhosted.org/packages/78/a7/f3a4a252c0846c5846dd86118ee0c1fddb7381dc35e3d44c2a5f3cea1757/prek-0.5.4-py3-none-macosx_10_12_x86_64.whl", hash = "sha256:550ecaae0601f9405526c866a57cc6882ed1e9d8696ac1117b8703bb37d087eb", size = 6011113, upload-time = "2026-09-28T04:54:28.107Z" },
    { url = "https://files.pythonhosted.org/packages/1b/e3/26638cf090b620e63e60a639b8e7d7eb38b9fbea74a0827a182fc922cf8e/prek-0.5.4-py3-none-macosx_11_0_arm64.whl", hash = "sha256:a7ef67cc23e23c6e9c6ca0b27a7b12c19f16774d36b1c88ed035f2639995718d", size = 5534338, upload-time = "2026-09-28T04:54:30.214Z" },
    { url = "https://files.pythonhosted.org/packages/a0/08/64b668eb088204650b96183cea739b56e6b179130c4398a8a83cbe9b125a/prek-0.5.4-py3-none-manylinux_2_17_aarch64.manylinux2014_aarch64.musllinux_1_1_aarch64.whl", hash = "sha256:59f2206850f643bafe46b28b4431525f8dcc5b7a763f271179bff10b8157870d", size = 5840937, upload-time = "2026-09-28T04:54:32.226Z" },
    { url = "https://files.pythonhosted.org/packages/1f/ee/a0f847194eb6a2b67921b4c94c4fbf3f33a785affb190c6a2097344dbdd6/prek-0.5.4-py3-none-manylinux_2_17_x86_64.manylinux2014_x86_64.whl", hash = "sha256:7d5b0cab1219a7bc9cc90785c7436f563765440616543ede7dfa3ba5c332cede", size = 6234354, upload-time = "2026-09-28T04:54:34.176Z" },
    { url = "https://files.pythonhosted.org/packages/32/9a/14186d90ed29b46650452068d6bd1ac233ca0ea41a3b35081c37f6b77b1c/prek-0.5.4-py3-none-manylinux_2_28_aarch64.whl", hash = "sha256:8fc22db8132dab9aed4e152bf6a58a7f791f4c91c74305d65d96c48b8ec0bc62", size = 5845649, upload-time = "2026-09-28T04:54:36.252Z" },
    { url = "https://files.pythonhosted.org/packages/e0/88/ff5bbbada4098f59740ab767f5c2f82d4110b90ea7db309a9bcf21f3dcb9/prek-0.5.4-py3-none-musllinux_1_1_x86_64.whl", hash = "sha256:19d4f3986dcd1dfa15f9417e32a75fb2ba084156dbd7ace161f0764281b8064b", size = 6351516, upload-time = "2026-09-28T04:54:38.539Z" },
    { url = "https://files.pythonhosted.org/packages/c8/1a/0cc410232ef42750b3bf34babd6def4a3943ec98259d9fecda3b26fcd63f/prek-0.5.4-py3-none-win_amd64.whl", hash = "sha256:3100233ba802eff6a4b09bc045c8f50d599bb9d810fa234823bc1642938b224f", size = 5755956, upload-time = "2026-09-28T04:54:40.227Z" },
    { url = "https://files.pythonhosted.org/packages/98/78/3fd53cc54468db37462885d3139eae40bb469d51beae4575c986b190ab6e/prek-0.5.4-py3-none-win_arm64.whl", hash = "sha256:9fc4ad2d647f70a8a3a9900849e1dd89472cf5a71d830f083b62cf87a0406e27", size = 5502478, upload-time = "2026-09-28T04:54:41.973Z" },
]

[[package]]
name = "zizmor"
version = "1.30.1"
source = { registry = "https://pypi.org/simple" }
sdist = { url = "https://files.pythonhosted.org/packages/a7/c5/3d3dc61c0b64c082e1f704f5cf44f6a38153adbccf8787dd06a1a0ed14e0/zizmor-1.30.1.tar.gz", hash = "sha256:cbb7e5cb2fec471066d5c326bcaa69ed3eefdcf6a76d7ad38335b924acf86c07", size = 575745, upload-time = "2026-09-09T05:27:21.325Z" }
wheels = [
    { url = "https://files.pythonhosted.org/packages/22/a1/a877361a6c6ae13fb0ff4ed3c9d681ccddb9c838c5c3ca8f163a0fcfded9/zizmor-1.30.1-py3-none-macosx_10_12_x86_64.whl", hash = "sha256:17fda74e15fe41a6aa354ea4cf71fc7ff3cd025cda6584bb6d7466b3f1d00fe6", size = 9148491, upload-time = "2026-09-09T05:26:58.842Z" },
    { url = "https://files.pythonhosted.org/packages/eb/0e/ea44a8f466b9a080dc0634497f6c9ee63dd586a94f5e2cd743e06c4df140/zizmor-1.30.1-py3-none-macosx_11_0_arm64.whl", hash = "sha256:f9eb092f089e35fa9fb3b70aeec0a19eca7dacf2ab161f1d50b18351895f085c", size = 8743712, upload-time = "2026-09-09T05:27:01.342Z" },
    { url = "https://files.pythonhosted.org/packages/37/9c/43764a6e9eb5ad5a332202afc3e63622e3380669ecf7079b6b0de892e474/zizmor-1.30.1-py3-none-manylinux_2_24_aarch64.whl", hash = "sha256:92906f448365672ebb657fb50d36f997290a3aaba8cac723214741ea9054845d", size = 9009843, upload-time = "2026-09-09T05:27:03.522Z" },
    { url = "https://files.pythonhosted.org/packages/cf/2d/96c9c7b37e46e2b092e5daac3c6e9d4966ed7b58845f3f04950043d89c34/zizmor-1.30.1-py3-none-manylinux_2_28_armv7l.whl", hash = "sha256:5e8a3d54c3d9d51307371f4d1d49f8f9e56de00205c6cc660c6846a95ad4e135", size = 8620204, upload-time = "2026-09-09T05:27:06.001Z" },
    { url = "https://files.pythonhosted.org/packages/63/55/1900b53d34dcebc207cf3ceb7957b3748e8bb40958f062e3853ab72f2395/zizmor-1.30.1-py3-none-manylinux_2_28_x86_64.whl", hash = "sha256:eee12266b793cb87ad4a7e3af2e72404f8a63e3de5eb099b80bf7b1cfd232a8e", size = 9467893, upload-time = "2026-09-09T05:27:08.07Z" },
    { url = "https://files.pythonhosted.org/packages/9b/aa/d998bbdebf1f40e0d3dd027f94bceb961065640b29bc82bf5ffa9266fdb9/zizmor-1.30.1-py3-none-musllinux_1_2_aarch64.whl", hash = "sha256:15679642e8c4f825ba3f22537c698b1bbbad19ead23640f62ec45ebbe7abc803", size = 9038587, upload-time = "2026-09-09T05:27:10.226Z" },
    { url = "https://files.pythonhosted.org/packages/e0/16/0512afae720fd4b7e22bbb6f5bdd24fad49d6b1b92cd34ac71e0d8076109/zizmor-1.30.1-py3-none-musllinux_1_2_armv7l.whl", hash = "sha256:bf63099a27ef3bf1329dbab44bb9d1027124855c71bd0eca864d5c8e1c5c0db1", size = 8583701, upload-time = "2026-09-09T05:27:12.73Z" },
    { url = "https://files.pythonhosted.org/packages/ca/ff/72efacfb79177835609fe712e9d543a0e5a05d41e3774e907f0b610c8619/zizmor-1.30.1-py3-none-musllinux_1_2_x86_64.whl", hash = "sha256:4a5ef2fa4fbd2984f794cfc2f95790bd03fa0bae801487ed550e044675874e60", size = 9558806, upload-time = "2026-09-09T05:27:15.124Z" },
    { url = "https://files.pythonhosted.org/packages/bb/64/1746121c819319ad7e9d0dfaa96de38dc52d4ac5f6485472b11362f3c6ba/zizmor-1.30.1-py3-none-win32.whl", hash = "sha256:42512bb4a1bce4c787d221d1572ff6b691fa52a3d129b2910be8afaf860c5871", size = 7773805, upload-time = "2026-09-09T05:27:17.218Z" },
    { url = "https://files.pythonhosted.org/packages/db/fe/2889fcbcf7728dd5e013bae7cf5c4e634d981a9e26d55e1da6ab9006404f/zizmor-1.30.1-py3-none-win_amd64.whl", hash = "sha256:06e039fae8e185e2a1a8b002f2d95a6f5c3b548048bdd79e004dcb501fcd0868", size = 8925696, upload-time = "2026-09-09T05:27:19.159Z" },
]
